// !$*UTF8*$!
{
	archiveVersion = 1;
	classes = {
	};
	objectVersion = 56;
	objects = {

/* Begin PBXBuildFile section */
		1A3289782BD74B850016D031 /* GoogleService-Info.plist in Resources */ = {isa = PBXBuildFile; fileRef = 1A3289772BD74B850016D031 /* GoogleService-Info.plist */; };
		1A32897A2BD74D550016D031 /* AppViewModel.swift in Sources */ = {isa = PBXBuildFile; fileRef = 1A3289792BD74D550016D031 /* AppViewModel.swift */; };
		1A32897C2BD74D720016D031 /* HomeView.swift in Sources */ = {isa = PBXBuildFile; fileRef = 1A32897B2BD74D720016D031 /* HomeView.swift */; };
		1A32897E2BD74D910016D031 /* LeaderboardView.swift in Sources */ = {isa = PBXBuildFile; fileRef = 1A32897D2BD74D910016D031 /* LeaderboardView.swift */; };
		1A3289802BD74DB00016D031 /* HistoryView.swift in Sources */ = {isa = PBXBuildFile; fileRef = 1A32897F2BD74DB00016D031 /* HistoryView.swift */; };
		1A3289822BD74DC60016D031 /* ProfileView.swift in Sources */ = {isa = PBXBuildFile; fileRef = 1A3289812BD74DC60016D031 /* ProfileView.swift */; };
		1A3289862BD74E030016D031 /* User.swift in Sources */ = {isa = PBXBuildFile; fileRef = 1A3289852BD74E030016D031 /* User.swift */; };
		1A3289882BD74E1A0016D031 /* DailyEntry.swift in Sources */ = {isa = PBXBuildFile; fileRef = 1A3289872BD74E1A0016D031 /* DailyEntry.swift */; };
		1A32898A2BD74E3A0016D031 /* LeaderboardEntry.swift in Sources */ = {isa = PBXBuildFile; fileRef = 1A3289892BD74E3A0016D031 /* LeaderboardEntry.swift */; };
		1A32898C2BD74E5D0016D031 /* LoginView.swift in Sources */ = {isa = PBXBuildFile; fileRef = 1A32898B2BD74E5D0016D031 /* LoginView.swift */; };
		1A32898E2BD750030016D031 /* DashboardView.swift in Sources */ = {isa = PBXBuildFile; fileRef = 1A32898D2BD750030016D031 /* DashboardView.swift */; };
		1A3289902BD750230016D031 /* DashboardViewModel.swift in Sources */ = {isa = PBXBuildFile; fileRef = 1A32898F2BD750230016D031 /* DashboardViewModel.swift */; };
		1AB7F5262BD732CC00B7DEBB /* CarbonFootprintCalculatorApp.swift in Sources */ = {isa = PBXBuildFile; fileRef = 1AB7F5252BD732CC00B7DEBB /* CarbonFootprintCalculatorApp.swift */; };
		1AB7F5282BD732CC00B7DEBB /* ContentView.swift in Sources */ = {isa = PBXBuildFile; fileRef = 1AB7F5272BD732CC00B7DEBB /* ContentView.swift */; };
		1AB7F52A2BD732CF00B7DEBB /* Assets.xcassets in Resources */ = {isa = PBXBuildFile; fileRef = 1AB7F5292BD732CF00B7DEBB /* Assets.xcassets */; };
		1AB7F52D2BD732CF00B7DEBB /* Preview Assets.xcassets in Resources */ = {isa = PBXBuildFile; fileRef = 1AB7F52C2BD732CF00B7DEBB /* Preview Assets.xcassets */; };
		1AB7F5352BD73C8300B7DEBB /* FirebaseAuth in Frameworks */ = {isa = PBXBuildFile; productRef = 1AB7F5342BD73C8300B7DEBB /* FirebaseAuth */; };
		1AB7F5372BD73C8300B7DEBB /* FirebaseFirestore in Frameworks */ = {isa = PBXBuildFile; productRef = 1AB7F5362BD73C8300B7DEBB /* FirebaseFirestore */; };
		1AB7F5392BD73C8300B7DEBB /* FirebaseStorage in Frameworks */ = {isa = PBXBuildFile; productRef = 1AB7F5382BD73C8300B7DEBB /* FirebaseStorage */; };
/* End PBXBuildFile section */

/* Begin PBXFileReference section */
		1A3289772BD74B850016D031 /* GoogleService-Info.plist */ = {isa = PBXFileReference; fileEncoding = 4; lastKnownFileType = text.plist.xml; path = "GoogleService-Info.plist"; sourceTree = "<group>"; };
		1A3289792BD74D550016D031 /* AppViewModel.swift */ = {isa = PBXFileReference; lastKnownFileType = sourcecode.swift; path = AppViewModel.swift; sourceTree = "<group>"; };
		1A32897B2BD74D720016D031 /* HomeView.swift */ = {isa = PBXFileReference; lastKnownFileType = sourcecode.swift; path = HomeView.swift; sourceTree = "<group>"; };
		1A32897D2BD74D910016D031 /* LeaderboardView.swift */ = {isa = PBXFileReference; lastKnownFileType = sourcecode.swift; path = LeaderboardView.swift; sourceTree = "<group>"; };
		1A32897F2BD74DB00016D031 /* HistoryView.swift */ = {isa = PBXFileReference; lastKnownFileType = sourcecode.swift; path = HistoryView.swift; sourceTree = "<group>"; };
		1A3289812BD74DC60016D031 /* ProfileView.swift */ = {isa = PBXFileReference; lastKnownFileType = sourcecode.swift; path = ProfileView.swift; sourceTree = "<group>"; };
		1A3289852BD74E030016D031 /* User.swift */ = {isa = PBXFileReference; lastKnownFileType = sourcecode.swift; path = User.swift; sourceTree = "<group>"; };
		1A3289872BD74E1A0016D031 /* DailyEntry.swift */ = {isa = PBXFileReference; lastKnownFileType = sourcecode.swift; path = DailyEntry.swift; sourceTree = "<group>"; };
		1A3289892BD74E3A0016D031 /* LeaderboardEntry.swift */ = {isa = PBXFileReference; lastKnownFileType = sourcecode.swift; path = LeaderboardEntry.swift; sourceTree = "<group>"; };
		1A32898B2BD74E5D0016D031 /* LoginView.swift */ = {isa = PBXFileReference; lastKnownFileType = sourcecode.swift; path = LoginView.swift; sourceTree = "<group>"; };
		1A32898D2BD750030016D031 /* DashboardView.swift */ = {isa = PBXFileReference; lastKnownFileType = sourcecode.swift; path = DashboardView.swift; sourceTree = "<group>"; };
		1A32898F2BD750230016D031 /* DashboardViewModel.swift */ = {isa = PBXFileReference; lastKnownFileType = sourcecode.swift; path = DashboardViewModel.swift; sourceTree = "<group>"; };
		1A3289912BD89AE30016D031 /* CarbonFootprintCalculator.entitlements */ = {isa = PBXFileReference; lastKnownFileType = text.plist.entitlements; path = CarbonFootprintCalculator.entitlements; sourceTree = "<group>"; };
		1AB7F5222BD732CC00B7DEBB /* CarbonFootprintCalculator.app */ = {isa = PBXFileReference; explicitFileType = wrapper.application; includeInIndex = 0; path = CarbonFootprintCalculator.app; sourceTree = BUILT_PRODUCTS_DIR; };
		1AB7F5252BD732CC00B7DEBB /* CarbonFootprintCalculatorApp.swift */ = {isa = PBXFileReference; lastKnownFileType = sourcecode.swift; path = CarbonFootprintCalculatorApp.swift; sourceTree = "<group>"; };
		1AB7F5272BD732CC00B7DEBB /* ContentView.swift */ = {isa = PBXFileReference; lastKnownFileType = sourcecode.swift; path = ContentView.swift; sourceTree = "<group>"; };
		1AB7F5292BD732CF00B7DEBB /* Assets.xcassets */ = {isa = PBXFileReference; lastKnownFileType = folder.assetcatalog; path = Assets.xcassets; sourceTree = "<group>"; };
		1AB7F52C2BD732CF00B7DEBB /* Preview Assets.xcassets */ = {isa = PBXFileReference; lastKnownFileType = folder.assetcatalog; path = "Preview Assets.xcassets"; sourceTree = "<group>"; };
/* End PBXFileReference section */

/* Begin PBXFrameworksBuildPhase section */
		1AB7F51F2BD732CC00B7DEBB /* Frameworks */ = {
			isa = PBXFrameworksBuildPhase;
			buildActionMask = 2147483647;
			files = (
				1AB7F5352BD73C8300B7DEBB /* FirebaseAuth in Frameworks */,
				1AB7F5372BD73C8300B7DEBB /* FirebaseFirestore in Frameworks */,
				1AB7F5392BD73C8300B7DEBB /* FirebaseStorage in Frameworks */,
			);
			runOnlyForDeploymentPostprocessing = 0;
		};
/* End PBXFrameworksBuildPhase section */

/* Begin PBXGroup section */
		1AB7F5192BD732CC00B7DEBB = {
			isa = PBXGroup;
			children = (
				1AB7F5242BD732CC00B7DEBB /* CarbonFootprintCalculator */,
				1AB7F5232BD732CC00B7DEBB /* Products */,
			);
			sourceTree = "<group>";
		};
		1AB7F5232BD732CC00B7DEBB /* Products */ = {
			isa = PBXGroup;
			children = (
				1AB7F5222BD732CC00B7DEBB /* CarbonFootprintCalculator.app */,
			);
			name = Products;
			sourceTree = "<group>";
		};
		1AB7F5242BD732CC00B7DEBB /* CarbonFootprintCalculator */ = {
			isa = PBXGroup;
			children = (
				1A3289912BD89AE30016D031 /* CarbonFootprintCalculator.entitlements */,
				1AB7F5252BD732CC00B7DEBB /* CarbonFootprintCalculatorApp.swift */,
				1AB7F5272BD732CC00B7DEBB /* ContentView.swift */,
				1A32898B2BD74E5D0016D031 /* LoginView.swift */,
				1A32897B2BD74D720016D031 /* HomeView.swift */,
				1A32898D2BD750030016D031 /* DashboardView.swift */,
				1A32897D2BD74D910016D031 /* LeaderboardView.swift */,
				1A32897F2BD74DB00016D031 /* HistoryView.swift */,
				1A3289812BD74DC60016D031 /* ProfileView.swift */,
				1A3289852BD74E030016D031 /* User.swift */,
				1A3289872BD74E1A0016D031 /* DailyEntry.swift */,
				1A3289892BD74E3A0016D031 /* LeaderboardEntry.swift */,
				1A32898F2BD750230016D031 /* DashboardViewModel.swift */,
				1A3289792BD74D550016D031 /* AppViewModel.swift */,
				1A3289772BD74B850016D031 /* GoogleService-Info.plist */,
				1AB7F5292BD732CF00B7DEBB /* Assets.xcassets */,
				1AB7F52B2BD732CF00B7DEBB /* Preview Content */,
			);
			path = CarbonFootprintCalculator;
			sourceTree = "<group>";
		};
		1AB7F52B2BD732CF00B7DEBB /* Preview Content */ = {
			isa = PBXGroup;
			children = (
				1AB7F52C2BD732CF00B7DEBB /* Preview Assets.xcassets */,
			);
			path = "Preview Content";
			sourceTree = "<group>";
		};
/* End PBXGroup section */

/* Begin PBXNativeTarget section */
		1AB7F5212BD732CC00B7DEBB /* CarbonFootprintCalculator */ = {
			isa = PBXNativeTarget;
			buildConfigurationList = 1AB7F5302BD732CF00B7DEBB /* Build configuration list for PBXNativeTarget "CarbonFootprintCalculator" */;
			buildPhases = (
				1AB7F51E2BD732CC00B7DEBB /* Sources */,
				1AB7F51F2BD732CC00B7DEBB /* Frameworks */,
				1AB7F5202BD732CC00B7DEBB /* Resources */,
			);
			buildRules = (
			);
			dependencies = (
			);
			name = CarbonFootprintCalculator;
			packageProductDependencies = (
				1AB7F5342BD73C8300B7DEBB /* FirebaseAuth */,
				1AB7F5362BD73C8300B7DEBB /* FirebaseFirestore */,
				1AB7F5382BD73C8300B7DEBB /* FirebaseStorage */,
			);
			productName = CarbonFootprintCalculator;
			productReference = 1AB7F5222BD732CC00B7DEBB /* CarbonFootprintCalculator.app */;
			productType = "com.apple.product-type.application";
		};
/* End PBXNativeTarget section */

/* Begin PBXProject section */
		1AB7F51A2BD732CC00B7DEBB /* Project object */ = {
			isa = PBXProject;
			attributes = {
				BuildIndependentTargetsInParallel = 1;
				LastSwiftUpdateCheck = 1530;
				LastUpgradeCheck = 1530;
				TargetAttributes = {
					1AB7F5212BD732CC00B7DEBB = {
						CreatedOnToolsVersion = 15.3;
					};
				};
			};
			buildConfigurationList = 1AB7F51D2BD732CC00B7DEBB /* Build configuration list for PBXProject "CarbonFootprintCalculator" */;
			compatibilityVersion = "Xcode 14.0";
			developmentRegion = en;
			hasScannedForEncodings = 0;
			knownRegions = (
				en,
				Base,
			);
			mainGroup = 1AB7F5192BD732CC00B7DEBB;
			packageReferences = (
				1AB7F5332BD73C8300B7DEBB /* XCRemoteSwiftPackageReference "firebase-ios-sdk" */,
			);
			productRefGroup = 1AB7F5232BD732CC00B7DEBB /* Products */;
			projectDirPath = "";
			projectRoot = "";
			targets = (
				1AB7F5212BD732CC00B7DEBB /* CarbonFootprintCalculator */,
			);
		};
/* End PBXProject section */

/* Begin PBXResourcesBuildPhase section */
		1AB7F5202BD732CC00B7DEBB /* Resources */ = {
			isa = PBXResourcesBuildPhase;
			buildActionMask = 2147483647;
			files = (
				1AB7F52D2BD732CF00B7DEBB /* Preview Assets.xcassets in Resources */,
				1AB7F52A2BD732CF00B7DEBB /* Assets.xcassets in Resources */,
				1A3289782BD74B850016D031 /* GoogleService-Info.plist in Resources */,
			);
			runOnlyForDeploymentPostprocessing = 0;
		};
/* End PBXResourcesBuildPhase section */

/* Begin PBXSourcesBuildPhase section */
		1AB7F51E2BD732CC00B7DEBB /* Sources */ = {
			isa = PBXSourcesBuildPhase;
			buildActionMask = 2147483647;
			files = (
				1A3289882BD74E1A0016D031 /* DailyEntry.swift in Sources */,
				1A32897E2BD74D910016D031 /* LeaderboardView.swift in Sources */,
				1A3289802BD74DB00016D031 /* HistoryView.swift in Sources */,
				1AB7F5282BD732CC00B7DEBB /* ContentView.swift in Sources */,
				1A32897C2BD74D720016D031 /* HomeView.swift in Sources */,
				1A32898C2BD74E5D0016D031 /* LoginView.swift in Sources */,
				1A3289862BD74E030016D031 /* User.swift in Sources */,
				1AB7F5262BD732CC00B7DEBB /* CarbonFootprintCalculatorApp.swift in Sources */,
				1A32898A2BD74E3A0016D031 /* LeaderboardEntry.swift in Sources */,
				1A3289822BD74DC60016D031 /* ProfileView.swift in Sources */,
				1A32898E2BD750030016D031 /* DashboardView.swift in Sources */,
				1A32897A2BD74D550016D031 /* AppViewModel.swift in Sources */,
				1A3289902BD750230016D031 /* DashboardViewModel.swift in Sources */,
			);
			runOnlyForDeploymentPostprocessing = 0;
		};
/* End PBXSourcesBuildPhase section */

/* Begin XCBuildConfiguration section */
		1AB7F52E2BD732CF00B7DEBB /* Debug */ = {
			isa = XCBuildConfiguration;
			buildSettings = {
				ALWAYS_SEARCH_USER_PATHS = NO;
				ASSETCATALOG_COMPILER_GENERATE_SWIFT_ASSET_SYMBOL_EXTENSIONS = YES;
				CLANG_ANALYZER_NONNULL = YES;
				CLANG_ANALYZER_NUMBER_OBJECT_CONVERSION = YES_AGGRESSIVE;
				CLANG_CXX_LANGUAGE_STANDARD = "gnu++20";
				CLANG_ENABLE_MODULES = YES;
				CLANG_ENABLE_OBJC_ARC = YES;
				CLANG_ENABLE_OBJC_WEAK = YES;
				CLANG_WARN_BLOCK_CAPTURE_AUTORELEASING = YES;
				CLANG_WARN_BOOL_CONVERSION = YES;
				CLANG_WARN_COMMA = YES;
				CLANG_WARN_CONSTANT_CONVERSION = YES;
				CLANG_WARN_DEPRECATED_OBJC_IMPLEMENTATIONS = YES;
				CLANG_WARN_DIRECT_OBJC_ISA_USAGE = YES_ERROR;
				CLANG_WARN_DOCUMENTATION_COMMENTS = YES;
				CLANG_WARN_EMPTY_BODY = YES;
				CLANG_WARN_ENUM_CONVERSION = YES;
				CLANG_WARN_INFINITE_RECURSION = YES;
				CLANG_WARN_INT_CONVERSION = YES;
				CLANG_WARN_NON_LITERAL_NULL_CONVERSION = YES;
				CLANG_WARN_OBJC_IMPLICIT_RETAIN_SELF = YES;
				CLANG_WARN_OBJC_LITERAL_CONVERSION = YES;
				CLANG_WARN_OBJC_ROOT_CLASS = YES_ERROR;
				CLANG_WARN_QUOTED_INCLUDE_IN_FRAMEWORK_HEADER = YES;
				CLANG_WARN_RANGE_LOOP_ANALYSIS = YES;
				CLANG_WARN_STRICT_PROTOTYPES = YES;
				CLANG_WARN_SUSPICIOUS_MOVE = YES;
				CLANG_WARN_UNGUARDED_AVAILABILITY = YES_AGGRESSIVE;
				CLANG_WARN_UNREACHABLE_CODE = YES;
				CLANG_WARN__DUPLICATE_METHOD_MATCH = YES;
				COPY_PHASE_STRIP = NO;
				DEBUG_INFORMATION_FORMAT = dwarf;
				ENABLE_STRICT_OBJC_MSGSEND = YES;
				ENABLE_TESTABILITY = YES;
				ENABLE_USER_SCRIPT_SANDBOXING = YES;
				GCC_C_LANGUAGE_STANDARD = gnu17;
				GCC_DYNAMIC_NO_PIC = NO;
				GCC_NO_COMMON_BLOCKS = YES;
				GCC_OPTIMIZATION_LEVEL = 0;
				GCC_PREPROCESSOR_DEFINITIONS = (
					"DEBUG=1",
					"$(inherited)",
				);
				GCC_WARN_64_TO_32_BIT_CONVERSION = YES;
				GCC_WARN_ABOUT_RETURN_TYPE = YES_ERROR;
				GCC_WARN_UNDECLARED_SELECTOR = YES;
				GCC_WARN_UNINITIALIZED_AUTOS = YES_AGGRESSIVE;
				GCC_WARN_UNUSED_FUNCTION = YES;
				GCC_WARN_UNUSED_VARIABLE = YES;
				IPHONEOS_DEPLOYMENT_TARGET = 17.4;
				LOCALIZATION_PREFERS_STRING_CATALOGS = YES;
				MTL_ENABLE_DEBUG_INFO = INCLUDE_SOURCE;
				MTL_FAST_MATH = YES;
				ONLY_ACTIVE_ARCH = YES;
				SDKROOT = iphoneos;
				SWIFT_ACTIVE_COMPILATION_CONDITIONS = "DEBUG $(inherited)";
				SWIFT_OPTIMIZATION_LEVEL = "-Onone";
			};
			name = Debug;
		};
		1AB7F52F2BD732CF00B7DEBB /* Release */ = {
			isa = XCBuildConfiguration;
			buildSettings = {
				ALWAYS_SEARCH_USER_PATHS = NO;
				ASSETCATALOG_COMPILER_GENERATE_SWIFT_ASSET_SYMBOL_EXTENSIONS = YES;
				CLANG_ANALYZER_NONNULL = YES;
				CLANG_ANALYZER_NUMBER_OBJECT_CONVERSION = YES_AGGRESSIVE;
				CLANG_CXX_LANGUAGE_STANDARD = "gnu++20";
				CLANG_ENABLE_MODULES = YES;
				CLANG_ENABLE_OBJC_ARC = YES;
				CLANG_ENABLE_OBJC_WEAK = YES;
				CLANG_WARN_BLOCK_CAPTURE_AUTORELEASING = YES;
				CLANG_WARN_BOOL_CONVERSION = YES;
				CLANG_WARN_COMMA = YES;
				CLANG_WARN_CONSTANT_CONVERSION = YES;
				CLANG_WARN_DEPRECATED_OBJC_IMPLEMENTATIONS = YES;
				CLANG_WARN_DIRECT_OBJC_ISA_USAGE = YES_ERROR;
				CLANG_WARN_DOCUMENTATION_COMMENTS = YES;
				CLANG_WARN_EMPTY_BODY = YES;
				CLANG_WARN_ENUM_CONVERSION = YES;
				CLANG_WARN_INFINITE_RECURSION = YES;
				CLANG_WARN_INT_CONVERSION = YES;
				CLANG_WARN_NON_LITERAL_NULL_CONVERSION = YES;
				CLANG_WARN_OBJC_IMPLICIT_RETAIN_SELF = YES;
				CLANG_WARN_OBJC_LITERAL_CONVERSION = YES;
				CLANG_WARN_OBJC_ROOT_CLASS = YES_ERROR;
				CLANG_WARN_QUOTED_INCLUDE_IN_FRAMEWORK_HEADER = YES;
				CLANG_WARN_RANGE_LOOP_ANALYSIS = YES;
				CLANG_WARN_STRICT_PROTOTYPES = YES;
				CLANG_WARN_SUSPICIOUS_MOVE = YES;
				CLANG_WARN_UNGUARDED_AVAILABILITY = YES_AGGRESSIVE;
				CLANG_WARN_UNREACHABLE_CODE = YES;
				CLANG_WARN__DUPLICATE_METHOD_MATCH = YES;
				COPY_PHASE_STRIP = NO;
				DEBUG_INFORMATION_FORMAT = "dwarf-with-dsym";
				ENABLE_NS_ASSERTIONS = NO;
				ENABLE_STRICT_OBJC_MSGSEND = YES;
				ENABLE_USER_SCRIPT_SANDBOXING = YES;
				GCC_C_LANGUAGE_STANDARD = gnu17;
				GCC_NO_COMMON_BLOCKS = YES;
				GCC_WARN_64_TO_32_BIT_CONVERSION = YES;
				GCC_WARN_ABOUT_RETURN_TYPE = YES_ERROR;
				GCC_WARN_UNDECLARED_SELECTOR = YES;
				GCC_WARN_UNINITIALIZED_AUTOS = YES_AGGRESSIVE;
				GCC_WARN_UNUSED_FUNCTION = YES;
				GCC_WARN_UNUSED_VARIABLE = YES;
				IPHONEOS_DEPLOYMENT_TARGET = 17.4;
				LOCALIZATION_PREFERS_STRING_CATALOGS = YES;
				MTL_ENABLE_DEBUG_INFO = NO;
				MTL_FAST_MATH = YES;
				SDKROOT = iphoneos;
				SWIFT_COMPILATION_MODE = wholemodule;
				VALIDATE_PRODUCT = YES;
			};
			name = Release;
		};
		1AB7F5312BD732CF00B7DEBB /* Debug */ = {
			isa = XCBuildConfiguration;
			buildSettings = {
				ASSETCATALOG_COMPILER_APPICON_NAME = AppIcon;
				ASSETCATALOG_COMPILER_GLOBAL_ACCENT_COLOR_NAME = AccentColor;
				CODE_SIGN_ENTITLEMENTS = CarbonFootprintCalculator/CarbonFootprintCalculator.entitlements;
				CODE_SIGN_STYLE = Automatic;
				CURRENT_PROJECT_VERSION = 1;
				DEVELOPMENT_ASSET_PATHS = "\"CarbonFootprintCalculator/Preview Content\"";
				DEVELOPMENT_TEAM = U9L7NZJZGW;
				ENABLE_PREVIEWS = YES;
				GENERATE_INFOPLIST_FILE = YES;
				INFOPLIST_KEY_NSHealthShareUsageDescription = "This app uses HealthKit to read your walking and running distance to credit you with points toward your carbon footprint score.";
				INFOPLIST_KEY_NSHealthUpdateUsageDescription = "This app uses HealthKit in order to credit your Carbon Footprint score and allow you to gain more points!";
				INFOPLIST_KEY_UIApplicationSceneManifest_Generation = YES;
				INFOPLIST_KEY_UIApplicationSupportsIndirectInputEvents = YES;
				INFOPLIST_KEY_UILaunchScreen_Generation = YES;
				INFOPLIST_KEY_UISupportedInterfaceOrientations_iPad = "UIInterfaceOrientationPortrait UIInterfaceOrientationPortraitUpsideDown UIInterfaceOrientationLandscapeLeft UIInterfaceOrientationLandscapeRight";
				INFOPLIST_KEY_UISupportedInterfaceOrientations_iPhone = "UIInterfaceOrientationPortrait UIInterfaceOrientationLandscapeLeft UIInterfaceOrientationLandscapeRight";
				LD_RUNPATH_SEARCH_PATHS = (
					"$(inherited)",
					"@executable_path/Frameworks",
				);
				MARKETING_VERSION = 1.0;
				PRODUCT_BUNDLE_IDENTIFIER = ASU.CarbonFootprintCalculator;
				PRODUCT_NAME = "$(TARGET_NAME)";
				SWIFT_EMIT_LOC_STRINGS = YES;
				SWIFT_VERSION = 5.0;
				TARGETED_DEVICE_FAMILY = "1,2";
			};
			name = Debug;
		};
		1AB7F5322BD732CF00B7DEBB /* Release */ = {
			isa = XCBuildConfiguration;
			buildSettings = {
				ASSETCATALOG_COMPILER_APPICON_NAME = AppIcon;
				ASSETCATALOG_COMPILER_GLOBAL_ACCENT_COLOR_NAME = AccentColor;
				CODE_SIGN_ENTITLEMENTS = CarbonFootprintCalculator/CarbonFootprintCalculator.entitlements;
				CODE_SIGN_STYLE = Automatic;
				CURRENT_PROJECT_VERSION = 1;
				DEVELOPMENT_ASSET_PATHS = "\"CarbonFootprintCalculator/Preview Content\"";
				DEVELOPMENT_TEAM = U9L7NZJZGW;
				ENABLE_PREVIEWS = YES;
				GENERATE_INFOPLIST_FILE = YES;
				INFOPLIST_KEY_NSHealthShareUsageDescription = "This app uses HealthKit to read your walking and running distance to credit you with points toward your carbon footprint score.";
				INFOPLIST_KEY_NSHealthUpdateUsageDescription = "This app uses HealthKit in order to credit your Carbon Footprint score and allow you to gain more points!";
				INFOPLIST_KEY_UIApplicationSceneManifest_Generation = YES;
				INFOPLIST_KEY_UIApplicationSupportsIndirectInputEvents = YES;
				INFOPLIST_KEY_UILaunchScreen_Generation = YES;
				INFOPLIST_KEY_UISupportedInterfaceOrientations_iPad = "UIInterfaceOrientationPortrait UIInterfaceOrientationPortraitUpsideDown UIInterfaceOrientationLandscapeLeft UIInterfaceOrientationLandscapeRight";
				INFOPLIST_KEY_UISupportedInterfaceOrientations_iPhone = "UIInterfaceOrientationPortrait UIInterfaceOrientationLandscapeLeft UIInterfaceOrientationLandscapeRight";
				LD_RUNPATH_SEARCH_PATHS = (
					"$(inherited)",
					"@executable_path/Frameworks",
				);
				MARKETING_VERSION = 1.0;
				PRODUCT_BUNDLE_IDENTIFIER = ASU.CarbonFootprintCalculator;
				PRODUCT_NAME = "$(TARGET_NAME)";
				SWIFT_EMIT_LOC_STRINGS = YES;
				SWIFT_VERSION = 5.0;
				TARGETED_DEVICE_FAMILY = "1,2";
			};
			name = Release;
		};
/* End XCBuildConfiguration section */

/* Begin XCConfigurationList section */
		1AB7F51D2BD732CC00B7DEBB /* Build configuration list for PBXProject "CarbonFootprintCalculator" */ = {
			isa = XCConfigurationList;
			buildConfigurations = (
				1AB7F52E2BD732CF00B7DEBB /* Debug */,
				1AB7F52F2BD732CF00B7DEBB /* Release */,
			);
			defaultConfigurationIsVisible = 0;
			defaultConfigurationName = Release;
		};
		1AB7F5302BD732CF00B7DEBB /* Build configuration list for PBXNativeTarget "CarbonFootprintCalculator" */ = {
			isa = XCConfigurationList;
			buildConfigurations = (
				1AB7F5312BD732CF00B7DEBB /* Debug */,
				1AB7F5322BD732CF00B7DEBB /* Release */,
			);
			defaultConfigurationIsVisible = 0;
			defaultConfigurationName = Release;
		};
/* End XCConfigurationList section */

/* Begin XCRemoteSwiftPackageReference section */
		1AB7F5332BD73C8300B7DEBB /* XCRemoteSwiftPackageReference "firebase-ios-sdk" */ = {
			isa = XCRemoteSwiftPackageReference;
			repositoryURL = "https://github.com/firebase/firebase-ios-sdk";
			requirement = {
				kind = upToNextMajorVersion;
				minimumVersion = 10.24.0;
			};
		};
/* End XCRemoteSwiftPackageReference section */

/* Begin XCSwiftPackageProductDependency section */
		1AB7F5342BD73C8300B7DEBB /* FirebaseAuth */ = {
			isa = XCSwiftPackageProductDependency;
			package = 1AB7F5332BD73C8300B7DEBB /* XCRemoteSwiftPackageReference "firebase-ios-sdk" */;
			productName = FirebaseAuth;
		};
		1AB7F5362BD73C8300B7DEBB /* FirebaseFirestore */ = {
			isa = XCSwiftPackageProductDependency;
			package = 1AB7F5332BD73C8300B7DEBB /* XCRemoteSwiftPackageReference "firebase-ios-sdk" */;
			productName = FirebaseFirestore;
		};
		1AB7F5382BD73C8300B7DEBB /* FirebaseStorage */ = {
			isa = XCSwiftPackageProductDependency;
			package = 1AB7F5332BD73C8300B7DEBB /* XCRemoteSwiftPackageReference "firebase-ios-sdk" */;
			productName = FirebaseStorage;
		};
/* End XCSwiftPackageProductDependency section */
	};
	rootObject = 1AB7F51A2BD732CC00B7DEBB /* Project object */;
}
